// !$*UTF8*$!
{
	archiveVersion = 1;
	classes = {
	};
	objectVersion = 50;
	objects = {

/* Begin PBXBuildFile section */
		03633CEF2342A8C900370A1C /* AppDelegate.swift in Sources */ = {isa = PBXBuildFile; fileRef = 03633CEE2342A8C900370A1C /* AppDelegate.swift */; };
		03633CF12342A8C900370A1C /* SceneDelegate.swift in Sources */ = {isa = PBXBuildFile; fileRef = 03633CF02342A8C900370A1C /* SceneDelegate.swift */; };
		03633CF32342A8C900370A1C /* ContentView.swift in Sources */ = {isa = PBXBuildFile; fileRef = 03633CF22342A8C900370A1C /* ContentView.swift */; };
		03633CF52342A8CB00370A1C /* Assets.xcassets in Resources */ = {isa = PBXBuildFile; fileRef = 03633CF42342A8CB00370A1C /* Assets.xcassets */; };
		03633CF82342A8CB00370A1C /* Preview Assets.xcassets in Resources */ = {isa = PBXBuildFile; fileRef = 03633CF72342A8CB00370A1C /* Preview Assets.xcassets */; };
		03633CFB2342A8CB00370A1C /* LaunchScreen.storyboard in Resources */ = {isa = PBXBuildFile; fileRef = 03633CF92342A8CB00370A1C /* LaunchScreen.storyboard */; };
		03633D042342A9D100370A1C /* GitHubUser.swift in Sources */ = {isa = PBXBuildFile; fileRef = 03633D032342A9D100370A1C /* GitHubUser.swift */; };
		03633D082342AA0500370A1C /* UserImageViewModel.swift in Sources */ = {isa = PBXBuildFile; fileRef = 03633D062342AA0500370A1C /* UserImageViewModel.swift */; };
		03633D092342AA0500370A1C /* GitHubUserViewModel.swift in Sources */ = {isa = PBXBuildFile; fileRef = 03633D072342AA0500370A1C /* GitHubUserViewModel.swift */; };
		03633D132342AA3D00370A1C /* UserCardView.swift in Sources */ = {isa = PBXBuildFile; fileRef = 03633D0B2342AA3D00370A1C /* UserCardView.swift */; };
		03633D142342AA3D00370A1C /* ButtonLabel.swift in Sources */ = {isa = PBXBuildFile; fileRef = 03633D0C2342AA3D00370A1C /* ButtonLabel.swift */; };
		03633D152342AA3D00370A1C /* UserDetailView.swift in Sources */ = {isa = PBXBuildFile; fileRef = 03633D0D2342AA3D00370A1C /* UserDetailView.swift */; };
		03633D172342AA3D00370A1C /* UserImageView.swift in Sources */ = {isa = PBXBuildFile; fileRef = 03633D0F2342AA3D00370A1C /* UserImageView.swift */; };
		03633D182342AA3D00370A1C /* UserStatsView.swift in Sources */ = {isa = PBXBuildFile; fileRef = 03633D102342AA3D00370A1C /* UserStatsView.swift */; };
		03633D192342AA3D00370A1C /* SearchButton.swift in Sources */ = {isa = PBXBuildFile; fileRef = 03633D112342AA3D00370A1C /* SearchButton.swift */; };
		03633D1A2342AA3D00370A1C /* StartPage.swift in Sources */ = {isa = PBXBuildFile; fileRef = 03633D122342AA3D00370A1C /* StartPage.swift */; };
/* End PBXBuildFile section */

/* Begin PBXFileReference section */
		03633CEB2342A8C900370A1C /* Octo-Profile.app */ = {isa = PBXFileReference; explicitFileType = wrapper.application; includeInIndex = 0; path = "Octo-Profile.app"; sourceTree = BUILT_PRODUCTS_DIR; };
		03633CEE2342A8C900370A1C /* AppDelegate.swift */ = {isa = PBXFileReference; lastKnownFileType = sourcecode.swift; path = AppDelegate.swift; sourceTree = "<group>"; };
		03633CF02342A8C900370A1C /* SceneDelegate.swift */ = {isa = PBXFileReference; lastKnownFileType = sourcecode.swift; path = SceneDelegate.swift; sourceTree = "<group>"; };
		03633CF22342A8C900370A1C /* ContentView.swift */ = {isa = PBXFileReference; lastKnownFileType = sourcecode.swift; path = ContentView.swift; sourceTree = "<group>"; };
		03633CF42342A8CB00370A1C /* Assets.xcassets */ = {isa = PBXFileReference; lastKnownFileType = folder.assetcatalog; path = Assets.xcassets; sourceTree = "<group>"; };
		03633CF72342A8CB00370A1C /* Preview Assets.xcassets */ = {isa = PBXFileReference; lastKnownFileType = folder.assetcatalog; path = "Preview Assets.xcassets"; sourceTree = "<group>"; };
		03633CFA2342A8CB00370A1C /* Base */ = {isa = PBXFileReference; lastKnownFileType = file.storyboard; name = Base; path = Base.lproj/LaunchScreen.storyboard; sourceTree = "<group>"; };
		03633CFC2342A8CB00370A1C /* Info.plist */ = {isa = PBXFileReference; lastKnownFileType = text.plist.xml; path = Info.plist; sourceTree = "<group>"; };
		03633D032342A9D100370A1C /* GitHubUser.swift */ = {isa = PBXFileReference; fileEncoding = 4; lastKnownFileType = sourcecode.swift; path = GitHubUser.swift; sourceTree = "<group>"; };
		03633D062342AA0500370A1C /* UserImageViewModel.swift */ = {isa = PBXFileReference; fileEncoding = 4; lastKnownFileType = sourcecode.swift; path = UserImageViewModel.swift; sourceTree = "<group>"; };
		03633D072342AA0500370A1C /* GitHubUserViewModel.swift */ = {isa = PBXFileReference; fileEncoding = 4; lastKnownFileType = sourcecode.swift; path = GitHubUserViewModel.swift; sourceTree = "<group>"; };
		03633D0B2342AA3D00370A1C /* UserCardView.swift */ = {isa = PBXFileReference; fileEncoding = 4; lastKnownFileType = sourcecode.swift; path = UserCardView.swift; sourceTree = "<group>"; };
		03633D0C2342AA3D00370A1C /* ButtonLabel.swift */ = {isa = PBXFileReference; fileEncoding = 4; lastKnownFileType = sourcecode.swift; path = ButtonLabel.swift; sourceTree = "<group>"; };
		03633D0D2342AA3D00370A1C /* UserDetailView.swift */ = {isa = PBXFileReference; fileEncoding = 4; lastKnownFileType = sourcecode.swift; path = UserDetailView.swift; sourceTree = "<group>"; };
		03633D0F2342AA3D00370A1C /* UserImageView.swift */ = {isa = PBXFileReference; fileEncoding = 4; lastKnownFileType = sourcecode.swift; path = UserImageView.swift; sourceTree = "<group>"; };
		03633D102342AA3D00370A1C /* UserStatsView.swift */ = {isa = PBXFileReference; fileEncoding = 4; lastKnownFileType = sourcecode.swift; path = UserStatsView.swift; sourceTree = "<group>"; };
		03633D112342AA3D00370A1C /* SearchButton.swift */ = {isa = PBXFileReference; fileEncoding = 4; lastKnownFileType = sourcecode.swift; path = SearchButton.swift; sourceTree = "<group>"; };
		03633D122342AA3D00370A1C /* StartPage.swift */ = {isa = PBXFileReference; fileEncoding = 4; lastKnownFileType = sourcecode.swift; path = StartPage.swift; sourceTree = "<group>"; };
/* End PBXFileReference section */

/* Begin PBXFrameworksBuildPhase section */
		03633CE82342A8C900370A1C /* Frameworks */ = {
			isa = PBXFrameworksBuildPhase;
			buildActionMask = 2147483647;
			files = (
			);
			runOnlyForDeploymentPostprocessing = 0;
		};
/* End PBXFrameworksBuildPhase section */

/* Begin PBXGroup section */
		03633CE22342A8C900370A1C = {
			isa = PBXGroup;
			children = (
				03633CED2342A8C900370A1C /* Octo-Profile */,
				03633CEC2342A8C900370A1C /* Products */,
			);
			sourceTree = "<group>";
		};
		03633CEC2342A8C900370A1C /* Products */ = {
			isa = PBXGroup;
			children = (
				03633CEB2342A8C900370A1C /* Octo-Profile.app */,
			);
			name = Products;
			sourceTree = "<group>";
		};
		03633CED2342A8C900370A1C /* Octo-Profile */ = {
			isa = PBXGroup;
			children = (
				03633D0A2342AA3D00370A1C /* Views */,
				03633D052342AA0500370A1C /* ViewModels */,
				03633D022342A9D100370A1C /* Models */,
				03633CEE2342A8C900370A1C /* AppDelegate.swift */,
				03633CF02342A8C900370A1C /* SceneDelegate.swift */,
				03633CF22342A8C900370A1C /* ContentView.swift */,
				03633CF42342A8CB00370A1C /* Assets.xcassets */,
				03633CF92342A8CB00370A1C /* LaunchScreen.storyboard */,
				03633CFC2342A8CB00370A1C /* Info.plist */,
				03633CF62342A8CB00370A1C /* Preview Content */,
			);
			path = "Octo-Profile";
			sourceTree = "<group>";
		};
		03633CF62342A8CB00370A1C /* Preview Content */ = {
			isa = PBXGroup;
			children = (
				03633CF72342A8CB00370A1C /* Preview Assets.xcassets */,
			);
			path = "Preview Content";
			sourceTree = "<group>";
		};
		03633D022342A9D100370A1C /* Models */ = {
			isa = PBXGroup;
			children = (
				03633D032342A9D100370A1C /* GitHubUser.swift */,
			);
			path = Models;
			sourceTree = "<group>";
		};
		03633D052342AA0500370A1C /* ViewModels */ = {
			isa = PBXGroup;
			children = (
				03633D062342AA0500370A1C /* UserImageViewModel.swift */,
				03633D072342AA0500370A1C /* GitHubUserViewModel.swift */,
			);
			path = ViewModels;
			sourceTree = "<group>";
		};
		03633D0A2342AA3D00370A1C /* Views */ = {
			isa = PBXGroup;
			children = (
				03633D0B2342AA3D00370A1C /* UserCardView.swift */,
				03633D0C2342AA3D00370A1C /* ButtonLabel.swift */,
				03633D0D2342AA3D00370A1C /* UserDetailView.swift */,
				03633D0F2342AA3D00370A1C /* UserImageView.swift */,
				03633D102342AA3D00370A1C /* UserStatsView.swift */,
				03633D112342AA3D00370A1C /* SearchButton.swift */,
				03633D122342AA3D00370A1C /* StartPage.swift */,
			);
			path = Views;
			sourceTree = "<group>";
		};
/* End PBXGroup section */

/* Begin PBXNativeTarget section */
		03633CEA2342A8C900370A1C /* Octo-Profile */ = {
			isa = PBXNativeTarget;
			buildConfigurationList = 03633CFF2342A8CB00370A1C /* Build configuration list for PBXNativeTarget "Octo-Profile" */;
			buildPhases = (
				03633CE72342A8C900370A1C /* Sources */,
				03633CE82342A8C900370A1C /* Frameworks */,
				03633CE92342A8C900370A1C /* Resources */,
			);
			buildRules = (
			);
			dependencies = (
			);
			name = "Octo-Profile";
			productName = "Octo-Profile";
			productReference = 03633CEB2342A8C900370A1C /* Octo-Profile.app */;
			productType = "com.apple.product-type.application";
		};
/* End PBXNativeTarget section */

/* Begin PBXProject section */
		03633CE32342A8C900370A1C /* Project object */ = {
			isa = PBXProject;
			attributes = {
				LastSwiftUpdateCheck = 1100;
				LastUpgradeCheck = 1100;
				ORGANIZATIONNAME = "Shawon Ashraf";
				TargetAttributes = {
					03633CEA2342A8C900370A1C = {
						CreatedOnToolsVersion = 11.0;
					};
				};
			};
			buildConfigurationList = 03633CE62342A8C900370A1C /* Build configuration list for PBXProject "Octo-Profile" */;
			compatibilityVersion = "Xcode 9.3";
			developmentRegion = en;
			hasScannedForEncodings = 0;
			knownRegions = (
				en,
				Base,
			);
			mainGroup = 03633CE22342A8C900370A1C;
			productRefGroup = 03633CEC2342A8C900370A1C /* Products */;
			projectDirPath = "";
			projectRoot = "";
			targets = (
				03633CEA2342A8C900370A1C /* Octo-Profile */,
			);
		};
/* End PBXProject section */

/* Begin PBXResourcesBuildPhase section */
		03633CE92342A8C900370A1C /* Resources */ = {
			isa = PBXResourcesBuildPhase;
			buildActionMask = 2147483647;
			files = (
				03633CFB2342A8CB00370A1C /* LaunchScreen.storyboard in Resources */,
				03633CF82342A8CB00370A1C /* Preview Assets.xcassets in Resources */,
				03633CF52342A8CB00370A1C /* Assets.xcassets in Resources */,
			);
			runOnlyForDeploymentPostprocessing = 0;
		};
/* End PBXResourcesBuildPhase section */

/* Begin PBXSourcesBuildPhase section */
		03633CE72342A8C900370A1C /* Sources */ = {
			isa = PBXSourcesBuildPhase;
			buildActionMask = 2147483647;
			files = (
				03633D142342AA3D00370A1C /* ButtonLabel.swift in Sources */,
				03633D092342AA0500370A1C /* GitHubUserViewModel.swift in Sources */,
				03633CEF2342A8C900370A1C /* AppDelegate.swift in Sources */,
				03633D042342A9D100370A1C /* GitHubUser.swift in Sources */,
				03633D152342AA3D00370A1C /* UserDetailView.swift in Sources */,
				03633D082342AA0500370A1C /* UserImageViewModel.swift in Sources */,
				03633CF12342A8C900370A1C /* SceneDelegate.swift in Sources */,
				03633D172342AA3D00370A1C /* UserImageView.swift in Sources */,
				03633D1A2342AA3D00370A1C /* StartPage.swift in Sources */,
				03633CF32342A8C900370A1C /* ContentView.swift in Sources */,
				03633D192342AA3D00370A1C /* SearchButton.swift in Sources */,
				03633D132342AA3D00370A1C /* UserCardView.swift in Sources */,
				03633D182342AA3D00370A1C /* UserStatsView.swift in Sources */,
			);
			runOnlyForDeploymentPostprocessing = 0;
		};
/* End PBXSourcesBuildPhase section */

/* Begin PBXVariantGroup section */
		03633CF92342A8CB00370A1C /* LaunchScreen.storyboard */ = {
			isa = PBXVariantGroup;
			children = (
				03633CFA2342A8CB00370A1C /* Base */,
			);
			name = LaunchScreen.storyboard;
			sourceTree = "<group>";
		};
/* End PBXVariantGroup section */

/* Begin XCBuildConfiguration section */
		03633CFD2342A8CB00370A1C /* Debug */ = {
			isa = XCBuildConfiguration;
			buildSettings = {
				ALWAYS_SEARCH_USER_PATHS = NO;
				CLANG_ANALYZER_NONNULL = YES;
				CLANG_ANALYZER_NUMBER_OBJECT_CONVERSION = YES_AGGRESSIVE;
				CLANG_CXX_LANGUAGE_STANDARD = "gnu++14";
				CLANG_CXX_LIBRARY = "libc++";
				CLANG_ENABLE_MODULES = YES;
				CLANG_ENABLE_OBJC_ARC = YES;
				CLANG_ENABLE_OBJC_WEAK = YES;
				CLANG_WARN_BLOCK_CAPTURE_AUTORELEASING = YES;
				CLANG_WARN_BOOL_CONVERSION = YES;
				CLANG_WARN_COMMA = YES;
				CLANG_WARN_CONSTANT_CONVERSION = YES;
				CLANG_WARN_DEPRECATED_OBJC_IMPLEMENTATIONS = YES;
				CLANG_WARN_DIRECT_OBJC_ISA_USAGE = YES_ERROR;
				CLANG_WARN_DOCUMENTATION_COMMENTS = YES;
				CLANG_WARN_EMPTY_BODY = YES;
				CLANG_WARN_ENUM_CONVERSION = YES;
				CLANG_WARN_INFINITE_RECURSION = YES;
				CLANG_WARN_INT_CONVERSION = YES;
				CLANG_WARN_NON_LITERAL_NULL_CONVERSION = YES;
				CLANG_WARN_OBJC_IMPLICIT_RETAIN_SELF = YES;
				CLANG_WARN_OBJC_LITERAL_CONVERSION = YES;
				CLANG_WARN_OBJC_ROOT_CLASS = YES_ERROR;
				CLANG_WARN_RANGE_LOOP_ANALYSIS = YES;
				CLANG_WARN_STRICT_PROTOTYPES = YES;
				CLANG_WARN_SUSPICIOUS_MOVE = YES;
				CLANG_WARN_UNGUARDED_AVAILABILITY = YES_AGGRESSIVE;
				CLANG_WARN_UNREACHABLE_CODE = YES;
				CLANG_WARN__DUPLICATE_METHOD_MATCH = YES;
				COPY_PHASE_STRIP = NO;
				DEBUG_INFORMATION_FORMAT = dwarf;
				ENABLE_STRICT_OBJC_MSGSEND = YES;
				ENABLE_TESTABILITY = YES;
				GCC_C_LANGUAGE_STANDARD = gnu11;
				GCC_DYNAMIC_NO_PIC = NO;
				GCC_NO_COMMON_BLOCKS = YES;
				GCC_OPTIMIZATION_LEVEL = 0;
				GCC_PREPROCESSOR_DEFINITIONS = (
					"DEBUG=1",
					"$(inherited)",
				);
				GCC_WARN_64_TO_32_BIT_CONVERSION = YES;
				GCC_WARN_ABOUT_RETURN_TYPE = YES_ERROR;
				GCC_WARN_UNDECLARED_SELECTOR = YES;
				GCC_WARN_UNINITIALIZED_AUTOS = YES_AGGRESSIVE;
				GCC_WARN_UNUSED_FUNCTION = YES;
				GCC_WARN_UNUSED_VARIABLE = YES;
				IPHONEOS_DEPLOYMENT_TARGET = 13.0;
				MTL_ENABLE_DEBUG_INFO = INCLUDE_SOURCE;
				MTL_FAST_MATH = YES;
				ONLY_ACTIVE_ARCH = YES;
				SDKROOT = iphoneos;
				SWIFT_ACTIVE_COMPILATION_CONDITIONS = DEBUG;
				SWIFT_OPTIMIZATION_LEVEL = "-Onone";
			};
			name = Debug;
		};
		03633CFE2342A8CB00370A1C /* Release */ = {
			isa = XCBuildConfiguration;
			buildSettings = {
				ALWAYS_SEARCH_USER_PATHS = NO;
				CLANG_ANALYZER_NONNULL = YES;
				CLANG_ANALYZER_NUMBER_OBJECT_CONVERSION = YES_AGGRESSIVE;
				CLANG_CXX_LANGUAGE_STANDARD = "gnu++14";
				CLANG_CXX_LIBRARY = "libc++";
				CLANG_ENABLE_MODULES = YES;
				CLANG_ENABLE_OBJC_ARC = YES;
				CLANG_ENABLE_OBJC_WEAK = YES;
				CLANG_WARN_BLOCK_CAPTURE_AUTORELEASING = YES;
				CLANG_WARN_BOOL_CONVERSION = YES;
				CLANG_WARN_COMMA = YES;
				CLANG_WARN_CONSTANT_CONVERSION = YES;
				CLANG_WARN_DEPRECATED_OBJC_IMPLEMENTATIONS = YES;
				CLANG_WARN_DIRECT_OBJC_ISA_USAGE = YES_ERROR;
				CLANG_WARN_DOCUMENTATION_COMMENTS = YES;
				CLANG_WARN_EMPTY_BODY = YES;
				CLANG_WARN_ENUM_CONVERSION = YES;
				CLANG_WARN_INFINITE_RECURSION = YES;
				CLANG_WARN_INT_CONVERSION = YES;
				CLANG_WARN_NON_LITERAL_NULL_CONVERSION = YES;
				CLANG_WARN_OBJC_IMPLICIT_RETAIN_SELF = YES;
				CLANG_WARN_OBJC_LITERAL_CONVERSION = YES;
				CLANG_WARN_OBJC_ROOT_CLASS = YES_ERROR;
				CLANG_WARN_RANGE_LOOP_ANALYSIS = YES;
				CLANG_WARN_STRICT_PROTOTYPES = YES;
				CLANG_WARN_SUSPICIOUS_MOVE = YES;
				CLANG_WARN_UNGUARDED_AVAILABILITY = YES_AGGRESSIVE;
				CLANG_WARN_UNREACHABLE_CODE = YES;
				CLANG_WARN__DUPLICATE_METHOD_MATCH = YES;
				COPY_PHASE_STRIP = NO;
				DEBUG_INFORMATION_FORMAT = "dwarf-with-dsym";
				ENABLE_NS_ASSERTIONS = NO;
				ENABLE_STRICT_OBJC_MSGSEND = YES;
				GCC_C_LANGUAGE_STANDARD = gnu11;
				GCC_NO_COMMON_BLOCKS = YES;
				GCC_WARN_64_TO_32_BIT_CONVERSION = YES;
				GCC_WARN_ABOUT_RETURN_TYPE = YES_ERROR;
				GCC_WARN_UNDECLARED_SELECTOR = YES;
				GCC_WARN_UNINITIALIZED_AUTOS = YES_AGGRESSIVE;
				GCC_WARN_UNUSED_FUNCTION = YES;
				GCC_WARN_UNUSED_VARIABLE = YES;
				IPHONEOS_DEPLOYMENT_TARGET = 13.0;
				MTL_ENABLE_DEBUG_INFO = NO;
				MTL_FAST_MATH = YES;
				SDKROOT = iphoneos;
				SWIFT_COMPILATION_MODE = wholemodule;
				SWIFT_OPTIMIZATION_LEVEL = "-O";
				VALIDATE_PRODUCT = YES;
			};
			name = Release;
		};
		03633D002342A8CB00370A1C /* Debug */ = {
			isa = XCBuildConfiguration;
			buildSettings = {
				ASSETCATALOG_COMPILER_APPICON_NAME = AppIcon;
				CODE_SIGN_STYLE = Automatic;
				DEVELOPMENT_ASSET_PATHS = "\"Octo-Profile/Preview Content\"";
				ENABLE_PREVIEWS = YES;
				INFOPLIST_FILE = "Octo-Profile/Info.plist";
				LD_RUNPATH_SEARCH_PATHS = (
					"$(inherited)",
					"@executable_path/Frameworks",
				);
				PRODUCT_BUNDLE_IDENTIFIER = "shawonashraf.Octo-Profile";
				PRODUCT_NAME = "$(TARGET_NAME)";
				SWIFT_VERSION = 5.0;
				TARGETED_DEVICE_FAMILY = "1,2";
			};
			name = Debug;
		};
		03633D012342A8CB00370A1C /* Release */ = {
			isa = XCBuildConfiguration;
			buildSettings = {
				ASSETCATALOG_COMPILER_APPICON_NAME = AppIcon;
				CODE_SIGN_STYLE = Automatic;
				DEVELOPMENT_ASSET_PATHS = "\"Octo-Profile/Preview Content\"";
				ENABLE_PREVIEWS = YES;
				INFOPLIST_FILE = "Octo-Profile/Info.plist";
				LD_RUNPATH_SEARCH_PATHS = (
					"$(inherited)",
					"@executable_path/Frameworks",
				);
				PRODUCT_BUNDLE_IDENTIFIER = "shawonashraf.Octo-Profile";
				PRODUCT_NAME = "$(TARGET_NAME)";
				SWIFT_VERSION = 5.0;
				TARGETED_DEVICE_FAMILY = "1,2";
			};
			name = Release;
		};
/* End XCBuildConfiguration section */

/* Begin XCConfigurationList section */
		03633CE62342A8C900370A1C /* Build configuration list for PBXProject "Octo-Profile" */ = {
			isa = XCConfigurationList;
			buildConfigurations = (
				03633CFD2342A8CB00370A1C /* Debug */,
				03633CFE2342A8CB00370A1C /* Release */,
			);
			defaultConfigurationIsVisible = 0;
			defaultConfigurationName = Release;
		};
		03633CFF2342A8CB00370A1C /* Build configuration list for PBXNativeTarget "Octo-Profile" */ = {
			isa = XCConfigurationList;
			buildConfigurations = (
				03633D002342A8CB00370A1C /* Debug */,
				03633D012342A8CB00370A1C /* Release */,
			);
			defaultConfigurationIsVisible = 0;
			defaultConfigurationName = Release;
		};
/* End XCConfigurationList section */
	};
	rootObject = 03633CE32342A8C900370A1C /* Project object */;
}
